
Microsoft Visual Studio Solution File, Format Version 12.00
# Visual Studio Version 17
VisualStudioVersion = 17.5.002.0
MinimumVisualStudioVersion = 10.0.40219.1
Project("{9A19103F-16F7-4668-BE54-9A1E7A4F7556}") = "ParameterIlliterate", "ParameterIlliterate.csproj", "{2848770F-4AE9-4101-844C-EA6E18A400F5}"
EndProject
Project("{9A19103F-16F7-4668-BE54-9A1E7A4F7556}") = "LightByml", "LightByml\LightByml.csproj", "{105F0D5D-5FFC-47BD-933A-A57A933CB9A7}"
EndProject
Global
	GlobalSection(SolutionConfigurationPlatforms) = preSolution
		Debug|Any CPU = Debug|Any CPU
		Release|Any CPU = Release|Any CPU
	EndGlobalSection
	GlobalSection(ProjectConfigurationPlatforms) = postSolution
		{2848770F-4AE9-4101-844C-EA6E18A400F5}.Debug|Any CPU.ActiveCfg = Debug|Any CPU
		{2848770F-4AE9-4101-844C-EA6E18A400F5}.Debug|Any CPU.Build.0 = Debug|Any CPU
		{2848770F-4AE9-4101-844C-EA6E18A400F5}.Release|Any CPU.ActiveCfg = Release|Any CPU
		{2848770F-4AE9-4101-844C-EA6E18A400F5}.Release|Any CPU.Build.0 = Release|Any CPU
		{105F0D5D-5FFC-47BD-933A-A57A933CB9A7}.Debug|Any CPU.ActiveCfg = Debug|Any CPU
		{105F0D5D-5FFC-47BD-933A-A57A933CB9A7}.Debug|Any CPU.Build.0 = Debug|Any CPU
		{105F0D5D-5FFC-47BD-933A-A57A933CB9A7}.Release|Any CPU.ActiveCfg = Release|Any CPU
		{105F0D5D-5FFC-47BD-933A-A57A933CB9A7}.Release|Any CPU.Build.0 = Release|Any CPU
	EndGlobalSection
	GlobalSection(SolutionProperties) = preSolution
		HideSolutionNode = FALSE
	EndGlobalSection
	GlobalSection(ExtensibilityGlobals) = postSolution
		SolutionGuid = {5BD28935-1CA0-48C6-BDA5-E5345C6DACD7}
	EndGlobalSection
EndGlobal
